Microsoft Visual Studio Solution File, Format Version 11.00
# Visual Studio 2008

Project("{5DC9E635-5222-933E-90FF-52900D7574B4}") = "Networking_Multiplayer", "Assembly-CSharp.csproj", "{AFDBD0D8-C0C2-CB3B-E132-914A556833B9}"
EndProject
Global
	GlobalSection(SolutionConfigurationPlatforms) = preSolution
		Debug|Any CPU = Debug|Any CPU
		Release|Any CPU = Release|Any CPU
	EndGlobalSection
	GlobalSection(ProjectConfigurationPlatforms) = postSolution
		{AFDBD0D8-C0C2-CB3B-E132-914A556833B9}.Debug|Any CPU.ActiveCfg = Debug|Any CPU
		{AFDBD0D8-C0C2-CB3B-E132-914A556833B9}.Debug|Any CPU.Build.0 = Debug|Any CPU
		{AFDBD0D8-C0C2-CB3B-E132-914A556833B9}.Release|Any CPU.ActiveCfg = Release|Any CPU
		{AFDBD0D8-C0C2-CB3B-E132-914A556833B9}.Release|Any CPU.Build.0 = Release|Any CPU
	EndGlobalSection
	GlobalSection(SolutionProperties) = preSolution
		HideSolutionNode = FALSE
	EndGlobalSection
	GlobalSection(MonoDevelopProperties) = preSolution
		StartupItem = Assembly-CSharp.csproj
	EndGlobalSection
EndGlobal
