Microsoft Visual Studio Solution File, Format Version 11.00
# Visual Studio 2008

Project("{5DC9E635-5222-933E-90FF-52900D7574B4}") = "Networking_Multiplayer", "Assembly-CSharp-firstpass.csproj", "{2456103B-71EB-BBA4-6FED-1CE9A661F353}"
EndProject
Project("{5DC9E635-5222-933E-90FF-52900D7574B4}") = "Networking_Multiplayer", "Assembly-CSharp.csproj", "{AFDBD0D8-C0C2-CB3B-E132-914A556833B9}"
EndProject
Project("{5DC9E635-5222-933E-90FF-52900D7574B4}") = "Networking_Multiplayer", "Assembly-CSharp-Editor.csproj", "{B886A705-D127-BD95-95AF-DF1A16E8C791}"
EndProject
Global
	GlobalSection(SolutionConfigurationPlatforms) = preSolution
		Debug|Any CPU = Debug|Any CPU
		Release|Any CPU = Release|Any CPU
	EndGlobalSection
	GlobalSection(ProjectConfigurationPlatforms) = postSolution
		{2456103B-71EB-BBA4-6FED-1CE9A661F353}.Debug|Any CPU.ActiveCfg = Debug|Any CPU
		{2456103B-71EB-BBA4-6FED-1CE9A661F353}.Debug|Any CPU.Build.0 = Debug|Any CPU
		{2456103B-71EB-BBA4-6FED-1CE9A661F353}.Release|Any CPU.ActiveCfg = Release|Any CPU
		{2456103B-71EB-BBA4-6FED-1CE9A661F353}.Release|Any CPU.Build.0 = Release|Any CPU
		{AFDBD0D8-C0C2-CB3B-E132-914A556833B9}.Debug|Any CPU.ActiveCfg = Debug|Any CPU
		{AFDBD0D8-C0C2-CB3B-E132-914A556833B9}.Debug|Any CPU.Build.0 = Debug|Any CPU
		{AFDBD0D8-C0C2-CB3B-E132-914A556833B9}.Release|Any CPU.ActiveCfg = Release|Any CPU
		{AFDBD0D8-C0C2-CB3B-E132-914A556833B9}.Release|Any CPU.Build.0 = Release|Any CPU
		{B886A705-D127-BD95-95AF-DF1A16E8C791}.Debug|Any CPU.ActiveCfg = Debug|Any CPU
		{B886A705-D127-BD95-95AF-DF1A16E8C791}.Debug|Any CPU.Build.0 = Debug|Any CPU
		{B886A705-D127-BD95-95AF-DF1A16E8C791}.Release|Any CPU.ActiveCfg = Release|Any CPU
		{B886A705-D127-BD95-95AF-DF1A16E8C791}.Release|Any CPU.Build.0 = Release|Any CPU
	EndGlobalSection
	GlobalSection(SolutionProperties) = preSolution
		HideSolutionNode = FALSE
	EndGlobalSection
	GlobalSection(MonoDevelopProperties) = preSolution
		StartupItem = Assembly-CSharp.csproj
	EndGlobalSection
EndGlobal
