
Microsoft Visual Studio Solution File, Format Version 12.00
# Visual Studio 2015
Project("{FAE04EC0-301F-11D3-BF4B-00C04F79EFBC}") = "Maze 3.1.CSharp", "Maze 3.1.CSharp.csproj", "{E5B0F54A-779E-78F3-5F45-DC0BA201E056}"
EndProject
Global
	GlobalSection(SolutionConfigurationPlatforms) = preSolution
		Debug|Any CPU = Debug|Any CPU
		Release|Any CPU = Release|Any CPU
	EndGlobalSection
	GlobalSection(ProjectConfigurationPlatforms) = postSolution
		{E5B0F54A-779E-78F3-5F45-DC0BA201E056}.Debug|Any CPU.ActiveCfg = Debug|Any CPU
		{E5B0F54A-779E-78F3-5F45-DC0BA201E056}.Debug|Any CPU.Build.0 = Debug|Any CPU
		{E5B0F54A-779E-78F3-5F45-DC0BA201E056}.Release|Any CPU.ActiveCfg = Release|Any CPU
		{E5B0F54A-779E-78F3-5F45-DC0BA201E056}.Release|Any CPU.Build.0 = Release|Any CPU
	EndGlobalSection
	GlobalSection(SolutionProperties) = preSolution
		HideSolutionNode = FALSE
	EndGlobalSection
EndGlobal
